<?xml version="1.0" encoding="utf-8"?>
<Project ToolsVersion="4.0" xmlns="http://schemas.microsoft.com/developer/msbuild/2003">
  <ItemGroup>
    <ClCompile Include="Application.cpp" />
    <ClCompile Include="Enemy.cpp" />
    <ClCompile Include="Enemy_BigShip.cpp" />
    <ClCompile Include="Enemy_Boss.cpp" />
    <ClCompile Include="Enemy_Column.cpp" />
    <ClCompile Include="Enemy_CoolShip.cpp" />
    <ClCompile Include="Enemy_FishShip.cpp" />
    <ClCompile Include="Enemy_HorizontalRocket.cpp" />
    <ClCompile Include="Enemy_LongShip.cpp" />
    <ClCompile Include="Enemy_MiniMiniBoss.cpp" />
    <ClCompile Include="Enemy_PowerUp.cpp" />
    <ClCompile Include="Enemy_TinyRedShip.cpp" />
    <ClCompile Include="Enemy_TripleCanon.cpp" />
    <ClCompile Include="Enemy_VendingMachine.cpp" />
    <ClCompile Include="Globals.cpp" />
    <ClCompile Include="Enemy_GreenMiniShip.cpp" />
    <ClCompile Include="Main.cpp" />
    <ClCompile Include="ModuleAudio.cpp" />
    <ClCompile Include="ModuleCollision.cpp" />
    <ClCompile Include="ModuleEnemies.cpp" />
    <ClCompile Include="ModuleFonts.cpp" />
    <ClCompile Include="ModuleGameOver.cpp" />
    <ClCompile Include="ModuleInput.cpp" />
    <ClCompile Include="ModuleInsertCoin.cpp" />
    <ClCompile Include="ModuleNeoGeo.cpp" />
    <ClCompile Include="ModuleParticles.cpp" />
    <ClCompile Include="ModulePowerUp.cpp" />
    <ClCompile Include="ModuleShieldPlayer1.cpp" />
    <ClCompile Include="ModuleShieldPlayer2.cpp" />
    <ClCompile Include="ModuleStage1.cpp" />
    <ClCompile Include="ModuleFadeToBlack.cpp" />
    <ClCompile Include="ModuleMainMenu.cpp" />
    <ClCompile Include="ModulePlayer1.cpp" />
    <ClCompile Include="ModulePlayer2.cpp" />
    <ClCompile Include="ModuleRender.cpp" />
    <ClCompile Include="ModuleStage4.cpp" />
    <ClCompile Include="ModuleStageClear.cpp" />
    <ClCompile Include="ModuleSubMainMenu.cpp" />
    <ClCompile Include="ModuleTextures.cpp" />
    <ClCompile Include="ModuleUI.cpp" />
    <ClCompile Include="ModuleViscoGames.cpp" />
    <ClCompile Include="ModuleWindow.cpp" />
    <ClCompile Include="Enemy_WavingShip.cpp" />
  </ItemGroup>
  <ItemGroup>
    <ClInclude Include="Animation.h" />
    <ClInclude Include="Application.h" />
    <ClInclude Include="Enemy.h" />
    <ClInclude Include="Enemy_BigShip.h" />
    <ClInclude Include="Enemy_Boss.h" />
    <ClInclude Include="Enemy_Column.h" />
    <ClInclude Include="Enemy_CoolShip.h" />
    <ClInclude Include="Enemy_FishShip.h" />
    <ClInclude Include="Enemy_HorizontalRocket.h" />
    <ClInclude Include="Enemy_LongShip.h" />
    <ClInclude Include="Enemy_MiniMiniBoss.h" />
    <ClInclude Include="Enemy_PowerUp.h" />
    <ClInclude Include="Enemy_TinyRedShip.h" />
    <ClInclude Include="Enemy_TripleCanon.h" />
    <ClInclude Include="Enemy_VendingMachine.h" />
    <ClInclude Include="Globals.h" />
    <ClInclude Include="Enemy_GreenMiniShip.h" />
    <ClInclude Include="MemLeaks.h" />
    <ClInclude Include="Module.h" />
    <ClInclude Include="ModuleAudio.h" />
    <ClInclude Include="ModuleCollision.h" />
    <ClInclude Include="ModuleEnemies.h" />
    <ClInclude Include="ModuleFonts.h" />
    <ClInclude Include="ModuleGameOver.h" />
    <ClInclude Include="ModuleInput.h" />
    <ClInclude Include="ModuleInsertCoin.h" />
    <ClInclude Include="ModuleNeoGeo.h" />
    <ClInclude Include="ModuleParticles.h" />
    <ClInclude Include="ModulePowerUp.h" />
    <ClInclude Include="ModuleShieldPlayer1.h" />
    <ClInclude Include="ModuleShieldPlayer2.h" />
    <ClInclude Include="ModuleStage1.h" />
    <ClInclude Include="ModuleFadeToBlack.h" />
    <ClInclude Include="ModuleMainMenu.h" />
    <ClInclude Include="ModulePlayer1.h" />
    <ClInclude Include="ModulePlayer2.h" />
    <ClInclude Include="ModuleRender.h" />
    <ClInclude Include="ModuleStage4.h" />
    <ClInclude Include="ModuleStageClear.h" />
    <ClInclude Include="ModuleSubMainMenu.h" />
    <ClInclude Include="ModuleTextures.h" />
    <ClInclude Include="ModuleUI.h" />
    <ClInclude Include="ModuleViscoGames.h" />
    <ClInclude Include="ModuleWindow.h" />
    <ClInclude Include="p2List.h" />
    <ClInclude Include="p2Point.h" />
    <ClInclude Include="path.h" />
    <ClInclude Include="Enemy_WavingShip.h" />
  </ItemGroup>
</Project>