<?xml version="1.0" encoding="utf-8"?>
<Project ToolsVersion="4.0" xmlns="http://schemas.microsoft.com/developer/msbuild/2003">
  <ItemGroup>
    <ClCompile Include="Application.cpp">
      <Filter>Core</Filter>
    </ClCompile>
    <ClCompile Include="Globals.cpp">
      <Filter>Core</Filter>
    </ClCompile>
    <ClCompile Include="Main.cpp">
      <Filter>Core</Filter>
    </ClCompile>
    <ClCompile Include="ModuleFadeToBlack.cpp">
      <Filter>Modules</Filter>
    </ClCompile>
    <ClCompile Include="ModuleGameOver.cpp">
      <Filter>Modules</Filter>
    </ClCompile>
    <ClCompile Include="ModuleMainMenu.cpp">
      <Filter>Modules</Filter>
    </ClCompile>
    <ClCompile Include="ModuleNeoGeo.cpp">
      <Filter>Modules</Filter>
    </ClCompile>
    <ClCompile Include="ModuleParticles.cpp">
      <Filter>Modules</Filter>
    </ClCompile>
    <ClCompile Include="ModulePlayer1.cpp">
      <Filter>Modules</Filter>
    </ClCompile>
    <ClCompile Include="ModulePlayer2.cpp">
      <Filter>Modules</Filter>
    </ClCompile>
    <ClCompile Include="ModuleRender.cpp">
      <Filter>Modules</Filter>
    </ClCompile>
    <ClCompile Include="ModuleStage1.cpp">
      <Filter>Modules</Filter>
    </ClCompile>
    <ClCompile Include="ModuleStage2.cpp">
      <Filter>Modules</Filter>
    </ClCompile>
    <ClCompile Include="ModuleStageClear.cpp">
      <Filter>Modules</Filter>
    </ClCompile>
    <ClCompile Include="ModuleTextures.cpp">
      <Filter>Modules</Filter>
    </ClCompile>
    <ClCompile Include="ModuleViscoGames.cpp">
      <Filter>Modules</Filter>
    </ClCompile>
    <ClCompile Include="ModuleWindow.cpp">
      <Filter>Modules</Filter>
    </ClCompile>
    <ClCompile Include="ModuleInput.cpp">
      <Filter>Modules</Filter>
    </ClCompile>
    <ClCompile Include="ModuleAudio.cpp">
      <Filter>Modules</Filter>
    </ClCompile>
    <ClCompile Include="ModuleCollision.cpp">
      <Filter>Modules</Filter>
    </ClCompile>
    <ClCompile Include="ModuleInsertCoin.cpp">
      <Filter>Modules</Filter>
    </ClCompile>
    <ClCompile Include="Enemy.cpp">
      <Filter>Modules\Enemies</Filter>
    </ClCompile>
    <ClCompile Include="ModuleEnemies.cpp">
      <Filter>Modules</Filter>
    </ClCompile>
    <ClCompile Include="Enemy_WavingShip.cpp">
      <Filter>Modules\Enemies</Filter>
    </ClCompile>
    <ClCompile Include="ModuleFonts.cpp">
      <Filter>Modules</Filter>
    </ClCompile>
  </ItemGroup>
  <ItemGroup>
    <ClInclude Include="Animation.h">
      <Filter>Containers</Filter>
    </ClInclude>
    <ClInclude Include="p2Point.h">
      <Filter>Containers</Filter>
    </ClInclude>
    <ClInclude Include="Application.h">
      <Filter>Core</Filter>
    </ClInclude>
    <ClInclude Include="Globals.h">
      <Filter>Core</Filter>
    </ClInclude>
    <ClInclude Include="MemLeaks.h">
      <Filter>Core</Filter>
    </ClInclude>
    <ClInclude Include="Module.h">
      <Filter>Modules</Filter>
    </ClInclude>
    <ClInclude Include="ModuleFadeToBlack.h">
      <Filter>Modules</Filter>
    </ClInclude>
    <ClInclude Include="ModuleGameOver.h">
      <Filter>Modules</Filter>
    </ClInclude>
    <ClInclude Include="ModuleMainMenu.h">
      <Filter>Modules</Filter>
    </ClInclude>
    <ClInclude Include="ModuleNeoGeo.h">
      <Filter>Modules</Filter>
    </ClInclude>
    <ClInclude Include="ModuleParticles.h">
      <Filter>Modules</Filter>
    </ClInclude>
    <ClInclude Include="ModulePlayer1.h">
      <Filter>Modules</Filter>
    </ClInclude>
    <ClInclude Include="ModulePlayer2.h">
      <Filter>Modules</Filter>
    </ClInclude>
    <ClInclude Include="ModuleRender.h">
      <Filter>Modules</Filter>
    </ClInclude>
    <ClInclude Include="ModuleStage1.h">
      <Filter>Modules</Filter>
    </ClInclude>
    <ClInclude Include="ModuleStage2.h">
      <Filter>Modules</Filter>
    </ClInclude>
    <ClInclude Include="ModuleStageClear.h">
      <Filter>Modules</Filter>
    </ClInclude>
    <ClInclude Include="ModuleTextures.h">
      <Filter>Modules</Filter>
    </ClInclude>
    <ClInclude Include="ModuleViscoGames.h">
      <Filter>Modules</Filter>
    </ClInclude>
    <ClInclude Include="ModuleWindow.h">
      <Filter>Modules</Filter>
    </ClInclude>
    <ClInclude Include="ModuleInput.h">
      <Filter>Modules</Filter>
    </ClInclude>
    <ClInclude Include="ModuleAudio.h">
      <Filter>Modules</Filter>
    </ClInclude>
    <ClInclude Include="ModuleCollision.h">
      <Filter>Modules</Filter>
    </ClInclude>
    <ClInclude Include="p2List.h">
      <Filter>Containers</Filter>
    </ClInclude>
    <ClInclude Include="ModuleInsertCoin.h">
      <Filter>Modules</Filter>
    </ClInclude>
    <ClInclude Include="path.h">
      <Filter>Containers</Filter>
    </ClInclude>
    <ClInclude Include="Enemy.h">
      <Filter>Modules\Enemies</Filter>
    </ClInclude>
    <ClInclude Include="ModuleEnemies.h">
      <Filter>Modules</Filter>
    </ClInclude>
    <ClInclude Include="Enemy_WavingShip.h">
      <Filter>Modules\Enemies</Filter>
    </ClInclude>
    <ClInclude Include="ModuleFonts.h">
      <Filter>Modules</Filter>
    </ClInclude>
  </ItemGroup>
  <ItemGroup>
    <Filter Include="Containers">
      <UniqueIdentifier>{4bc6166b-3ee0-4985-9c19-016ab9fc8d39}</UniqueIdentifier>
    </Filter>
    <Filter Include="Core">
      <UniqueIdentifier>{78aaa3f9-2962-4bb9-85a4-e09797c56cab}</UniqueIdentifier>
    </Filter>
    <Filter Include="Modules">
      <UniqueIdentifier>{1d465ab4-4ed3-485c-b491-a407f156d006}</UniqueIdentifier>
    </Filter>
    <Filter Include="Modules\Enemies">
      <UniqueIdentifier>{8de230c8-76ca-4580-8f2f-db34123586b3}</UniqueIdentifier>
    </Filter>
  </ItemGroup>
</Project>